
Microsoft Visual Studio Solution File, Format Version 12.00
# Visual Studio 15
VisualStudioVersion = 15.0.27130.2003
MinimumVisualStudioVersion = 10.0.40219.1
Project("{888888A0-9F3D-457C-B088-3A5042F75D52}") = "NLP_Assignment2", "NLP_Assignment2\NLP_Assignment2.pyproj", "{D0436765-AA1A-4BC2-A7A7-25BD2C7B8D6E}"
EndProject
Global
	GlobalSection(SolutionConfigurationPlatforms) = preSolution
		Debug|Any CPU = Debug|Any CPU
		Release|Any CPU = Release|Any CPU
	EndGlobalSection
	GlobalSection(ProjectConfigurationPlatforms) = postSolution
		{D0436765-AA1A-4BC2-A7A7-25BD2C7B8D6E}.Debug|Any CPU.ActiveCfg = Debug|Any CPU
		{D0436765-AA1A-4BC2-A7A7-25BD2C7B8D6E}.Release|Any CPU.ActiveCfg = Release|Any CPU
	EndGlobalSection
	GlobalSection(SolutionProperties) = preSolution
		HideSolutionNode = FALSE
	EndGlobalSection
	GlobalSection(ExtensibilityGlobals) = postSolution
		SolutionGuid = {0E3AE589-82AE-4A0E-B97A-ECEDE16B58B6}
	EndGlobalSection
EndGlobal
