
Microsoft Visual Studio Solution File, Format Version 12.00
# Visual Studio 15
VisualStudioVersion = 15.0.27428.2043
MinimumVisualStudioVersion = 10.0.40219.1
Project("{888888A0-9F3D-457C-B088-3A5042F75D52}") = "Assignment3", "Assignment3.pyproj", "{AC85CAC6-B974-4989-8576-1CE5DA78F814}"
EndProject
Global
	GlobalSection(SolutionConfigurationPlatforms) = preSolution
		Debug|Any CPU = Debug|Any CPU
		Release|Any CPU = Release|Any CPU
	EndGlobalSection
	GlobalSection(ProjectConfigurationPlatforms) = postSolution
		{AC85CAC6-B974-4989-8576-1CE5DA78F814}.Debug|Any CPU.ActiveCfg = Debug|Any CPU
		{AC85CAC6-B974-4989-8576-1CE5DA78F814}.Release|Any CPU.ActiveCfg = Release|Any CPU
	EndGlobalSection
	GlobalSection(SolutionProperties) = preSolution
		HideSolutionNode = FALSE
	EndGlobalSection
	GlobalSection(ExtensibilityGlobals) = postSolution
		SolutionGuid = {442C49D6-ABF0-4982-828D-3274C3A10365}
	EndGlobalSection
EndGlobal
